
Microsoft Visual Studio Solution File, Format Version 12.00
# Visual Studio Version 16
VisualStudioVersion = 16.0.29926.136
MinimumVisualStudioVersion = 10.0.40219.1
Project("{FAE04EC0-301F-11D3-BF4B-00C04F79EFBC}") = "CovarianciaContravariancia", "CovarianciaContravariancia\CovarianciaContravariancia.csproj", "{85E73476-C665-4651-A592-02A93E71C369}"
EndProject
Project("{FAE04EC0-301F-11D3-BF4B-00C04F79EFBC}") = "DelegatesMulticast", "DelegatesMulticast\DelegatesMulticast.csproj", "{EEFF4D1E-994F-49A4-A86A-BF964B55D603}"
EndProject
Global
	GlobalSection(SolutionConfigurationPlatforms) = preSolution
		Debug|Any CPU = Debug|Any CPU
		Release|Any CPU = Release|Any CPU
	EndGlobalSection
	GlobalSection(ProjectConfigurationPlatforms) = postSolution
		{85E73476-C665-4651-A592-02A93E71C369}.Debug|Any CPU.ActiveCfg = Debug|Any CPU
		{85E73476-C665-4651-A592-02A93E71C369}.Debug|Any CPU.Build.0 = Debug|Any CPU
		{85E73476-C665-4651-A592-02A93E71C369}.Release|Any CPU.ActiveCfg = Release|Any CPU
		{85E73476-C665-4651-A592-02A93E71C369}.Release|Any CPU.Build.0 = Release|Any CPU
		{EEFF4D1E-994F-49A4-A86A-BF964B55D603}.Debug|Any CPU.ActiveCfg = Debug|Any CPU
		{EEFF4D1E-994F-49A4-A86A-BF964B55D603}.Debug|Any CPU.Build.0 = Debug|Any CPU
		{EEFF4D1E-994F-49A4-A86A-BF964B55D603}.Release|Any CPU.ActiveCfg = Release|Any CPU
		{EEFF4D1E-994F-49A4-A86A-BF964B55D603}.Release|Any CPU.Build.0 = Release|Any CPU
	EndGlobalSection
	GlobalSection(SolutionProperties) = preSolution
		HideSolutionNode = FALSE
	EndGlobalSection
	GlobalSection(ExtensibilityGlobals) = postSolution
		SolutionGuid = {C4BFFAF6-47CA-4B3F-904D-9DFB719A31B9}
	EndGlobalSection
EndGlobal
